
Microsoft Visual Studio Solution File, Format Version 12.00
# Visual Studio Version 17
VisualStudioVersion = 17.5.2.0
MinimumVisualStudioVersion = 10.0.40219.1
Project("{2150E333-8FDC-42A3-9474-1A3956D46DE8}") = "src", "src", "{827E0CD3-B72D-47B6-A68D-7590B98EB39B}"
EndProject
Project("{2150E333-8FDC-42A3-9474-1A3956D46DE8}") = "test", "test", "{0C88DD14-F956-CE84-757C-A364CCF449FC}"
EndProject
Project("{FAE04EC0-301F-11D3-BF4B-00C04F79EFBC}") = "ChildrenMoviesApi", "src\ChildrenMoviesApi\ChildrenMoviesApi.csproj", "{F0D295DA-C7FE-2AD8-F21B-862C72A1AB03}"
EndProject
Project("{FAE04EC0-301F-11D3-BF4B-00C04F79EFBC}") = "ChildrenMoviesApi.Tests", "test\ChildrenMoviesApi.Tests\ChildrenMoviesApi.Tests.csproj", "{4CA4D540-91E2-27DB-87DE-755B0BBACAEC}"
EndProject
Project("{FAE04EC0-301F-11D3-BF4B-00C04F79EFBC}") = "ChildrenMoviesApi.Application", "src\ChildrenMoviesApi.Application\ChildrenMoviesApi.Application.csproj", "{E40423CB-E14B-494D-96F2-2AD1E35C2951}"
EndProject
Project("{FAE04EC0-301F-11D3-BF4B-00C04F79EFBC}") = "MoviesDataLoad", "src\MoviesDataLoad\MoviesDataLoad.csproj", "{E6F0A909-F52B-4A9A-9708-764C8AE4E24D}"
EndProject
Project("{FAE04EC0-301F-11D3-BF4B-00C04F79EFBC}") = "ChildrenMoviesApi.Api", "src\ChildrenMoviesApi.Api\ChildrenMoviesApi.Api.csproj", "{B7F42188-6EC1-40F8-86B3-D51C14C80701}"
EndProject
Global
	GlobalSection(SolutionConfigurationPlatforms) = preSolution
		Debug|Any CPU = Debug|Any CPU
		Debug|x64 = Debug|x64
		Debug|x86 = Debug|x86
		Release|Any CPU = Release|Any CPU
		Release|x64 = Release|x64
		Release|x86 = Release|x86
	EndGlobalSection
	GlobalSection(ProjectConfigurationPlatforms) = postSolution
		{F0D295DA-C7FE-2AD8-F21B-862C72A1AB03}.Debug|Any CPU.ActiveCfg = Debug|Any CPU
		{F0D295DA-C7FE-2AD8-F21B-862C72A1AB03}.Debug|Any CPU.Build.0 = Debug|Any CPU
		{F0D295DA-C7FE-2AD8-F21B-862C72A1AB03}.Debug|x64.ActiveCfg = Debug|Any CPU
		{F0D295DA-C7FE-2AD8-F21B-862C72A1AB03}.Debug|x64.Build.0 = Debug|Any CPU
		{F0D295DA-C7FE-2AD8-F21B-862C72A1AB03}.Debug|x86.ActiveCfg = Debug|Any CPU
		{F0D295DA-C7FE-2AD8-F21B-862C72A1AB03}.Debug|x86.Build.0 = Debug|Any CPU
		{F0D295DA-C7FE-2AD8-F21B-862C72A1AB03}.Release|Any CPU.ActiveCfg = Release|Any CPU
		{F0D295DA-C7FE-2AD8-F21B-862C72A1AB03}.Release|Any CPU.Build.0 = Release|Any CPU
		{F0D295DA-C7FE-2AD8-F21B-862C72A1AB03}.Release|x64.ActiveCfg = Release|Any CPU
		{F0D295DA-C7FE-2AD8-F21B-862C72A1AB03}.Release|x64.Build.0 = Release|Any CPU
		{F0D295DA-C7FE-2AD8-F21B-862C72A1AB03}.Release|x86.ActiveCfg = Release|Any CPU
		{F0D295DA-C7FE-2AD8-F21B-862C72A1AB03}.Release|x86.Build.0 = Release|Any CPU
		{4CA4D540-91E2-27DB-87DE-755B0BBACAEC}.Debug|Any CPU.ActiveCfg = Debug|Any CPU
		{4CA4D540-91E2-27DB-87DE-755B0BBACAEC}.Debug|Any CPU.Build.0 = Debug|Any CPU
		{4CA4D540-91E2-27DB-87DE-755B0BBACAEC}.Debug|x64.ActiveCfg = Debug|Any CPU
		{4CA4D540-91E2-27DB-87DE-755B0BBACAEC}.Debug|x64.Build.0 = Debug|Any CPU
		{4CA4D540-91E2-27DB-87DE-755B0BBACAEC}.Debug|x86.ActiveCfg = Debug|Any CPU
		{4CA4D540-91E2-27DB-87DE-755B0BBACAEC}.Debug|x86.Build.0 = Debug|Any CPU
		{4CA4D540-91E2-27DB-87DE-755B0BBACAEC}.Release|Any CPU.ActiveCfg = Release|Any CPU
		{4CA4D540-91E2-27DB-87DE-755B0BBACAEC}.Release|Any CPU.Build.0 = Release|Any CPU
		{4CA4D540-91E2-27DB-87DE-755B0BBACAEC}.Release|x64.ActiveCfg = Release|Any CPU
		{4CA4D540-91E2-27DB-87DE-755B0BBACAEC}.Release|x64.Build.0 = Release|Any CPU
		{4CA4D540-91E2-27DB-87DE-755B0BBACAEC}.Release|x86.ActiveCfg = Release|Any CPU
		{4CA4D540-91E2-27DB-87DE-755B0BBACAEC}.Release|x86.Build.0 = Release|Any CPU
		{E40423CB-E14B-494D-96F2-2AD1E35C2951}.Debug|Any CPU.ActiveCfg = Debug|Any CPU
		{E40423CB-E14B-494D-96F2-2AD1E35C2951}.Debug|Any CPU.Build.0 = Debug|Any CPU
		{E40423CB-E14B-494D-96F2-2AD1E35C2951}.Debug|x64.ActiveCfg = Debug|Any CPU
		{E40423CB-E14B-494D-96F2-2AD1E35C2951}.Debug|x64.Build.0 = Debug|Any CPU
		{E40423CB-E14B-494D-96F2-2AD1E35C2951}.Debug|x86.ActiveCfg = Debug|Any CPU
		{E40423CB-E14B-494D-96F2-2AD1E35C2951}.Debug|x86.Build.0 = Debug|Any CPU
		{E40423CB-E14B-494D-96F2-2AD1E35C2951}.Release|Any CPU.ActiveCfg = Release|Any CPU
		{E40423CB-E14B-494D-96F2-2AD1E35C2951}.Release|Any CPU.Build.0 = Release|Any CPU
		{E40423CB-E14B-494D-96F2-2AD1E35C2951}.Release|x64.ActiveCfg = Release|Any CPU
		{E40423CB-E14B-494D-96F2-2AD1E35C2951}.Release|x64.Build.0 = Release|Any CPU
		{E40423CB-E14B-494D-96F2-2AD1E35C2951}.Release|x86.ActiveCfg = Release|Any CPU
		{E40423CB-E14B-494D-96F2-2AD1E35C2951}.Release|x86.Build.0 = Release|Any CPU
		{E6F0A909-F52B-4A9A-9708-764C8AE4E24D}.Debug|Any CPU.ActiveCfg = Debug|Any CPU
		{E6F0A909-F52B-4A9A-9708-764C8AE4E24D}.Debug|Any CPU.Build.0 = Debug|Any CPU
		{E6F0A909-F52B-4A9A-9708-764C8AE4E24D}.Debug|x64.ActiveCfg = Debug|Any CPU
		{E6F0A909-F52B-4A9A-9708-764C8AE4E24D}.Debug|x64.Build.0 = Debug|Any CPU
		{E6F0A909-F52B-4A9A-9708-764C8AE4E24D}.Debug|x86.ActiveCfg = Debug|Any CPU
		{E6F0A909-F52B-4A9A-9708-764C8AE4E24D}.Debug|x86.Build.0 = Debug|Any CPU
		{E6F0A909-F52B-4A9A-9708-764C8AE4E24D}.Release|Any CPU.ActiveCfg = Release|Any CPU
		{E6F0A909-F52B-4A9A-9708-764C8AE4E24D}.Release|Any CPU.Build.0 = Release|Any CPU
		{E6F0A909-F52B-4A9A-9708-764C8AE4E24D}.Release|x64.ActiveCfg = Release|Any CPU
		{E6F0A909-F52B-4A9A-9708-764C8AE4E24D}.Release|x64.Build.0 = Release|Any CPU
		{E6F0A909-F52B-4A9A-9708-764C8AE4E24D}.Release|x86.ActiveCfg = Release|Any CPU
		{E6F0A909-F52B-4A9A-9708-764C8AE4E24D}.Release|x86.Build.0 = Release|Any CPU
		{B7F42188-6EC1-40F8-86B3-D51C14C80701}.Debug|Any CPU.ActiveCfg = Debug|Any CPU
		{B7F42188-6EC1-40F8-86B3-D51C14C80701}.Debug|Any CPU.Build.0 = Debug|Any CPU
		{B7F42188-6EC1-40F8-86B3-D51C14C80701}.Debug|x64.ActiveCfg = Debug|Any CPU
		{B7F42188-6EC1-40F8-86B3-D51C14C80701}.Debug|x64.Build.0 = Debug|Any CPU
		{B7F42188-6EC1-40F8-86B3-D51C14C80701}.Debug|x86.ActiveCfg = Debug|Any CPU
		{B7F42188-6EC1-40F8-86B3-D51C14C80701}.Debug|x86.Build.0 = Debug|Any CPU
		{B7F42188-6EC1-40F8-86B3-D51C14C80701}.Release|Any CPU.ActiveCfg = Release|Any CPU
		{B7F42188-6EC1-40F8-86B3-D51C14C80701}.Release|Any CPU.Build.0 = Release|Any CPU
		{B7F42188-6EC1-40F8-86B3-D51C14C80701}.Release|x64.ActiveCfg = Release|Any CPU
		{B7F42188-6EC1-40F8-86B3-D51C14C80701}.Release|x64.Build.0 = Release|Any CPU
		{B7F42188-6EC1-40F8-86B3-D51C14C80701}.Release|x86.ActiveCfg = Release|Any CPU
		{B7F42188-6EC1-40F8-86B3-D51C14C80701}.Release|x86.Build.0 = Release|Any CPU
	EndGlobalSection
	GlobalSection(SolutionProperties) = preSolution
		HideSolutionNode = FALSE
	EndGlobalSection
	GlobalSection(NestedProjects) = preSolution
		{F0D295DA-C7FE-2AD8-F21B-862C72A1AB03} = {827E0CD3-B72D-47B6-A68D-7590B98EB39B}
		{4CA4D540-91E2-27DB-87DE-755B0BBACAEC} = {0C88DD14-F956-CE84-757C-A364CCF449FC}
		{E40423CB-E14B-494D-96F2-2AD1E35C2951} = {827E0CD3-B72D-47B6-A68D-7590B98EB39B}
		{E6F0A909-F52B-4A9A-9708-764C8AE4E24D} = {827E0CD3-B72D-47B6-A68D-7590B98EB39B}
		{B7F42188-6EC1-40F8-86B3-D51C14C80701} = {827E0CD3-B72D-47B6-A68D-7590B98EB39B}
	EndGlobalSection
	GlobalSection(ExtensibilityGlobals) = postSolution
		SolutionGuid = {B60AD219-B37B-4AF4-81F7-5A006D88A8AC}
	EndGlobalSection
EndGlobal
